{
  "name": "micro-router",
  "version": "0.0.0",
  "lockfileVersion": 3,
  "requires": true,
  "packages": {
    "": {
      "name": "micro-router",
      "version": "0.0.0",
      "devDependencies": {
        "@cloud-cli/prettier-config": "^1.0.0"
      }
    },
    "node_modules/@cloud-cli/prettier-config": {
      "version": "1.0.0",
      "resolved": "https://registry.npmjs.org/@cloud-cli/prettier-config/-/prettier-config-1.0.0.tgz",
      "integrity": "sha512-0Ops1CBvaV4keDW+phGR2eOLmjBhXHV8eG5Cm3nAqlHUdWbYs9a73r39GVDzz/J5kni5iUhKJG/IPKwPinWpsA==",
      "dev": true
    }
  }
}
